// !$*UTF8*$!
{
	archiveVersion = 1;
	classes = {
	};
	objectVersion = 56;
	objects = {

/* Begin PBXBuildFile section */
		D31A55672B84FBEE00C90A31 /* Follower.swift in Sources */ = {isa = PBXBuildFile; fileRef = D31A55662B84FBEE00C90A31 /* Follower.swift */; };
		D31A55692B85064D00C90A31 /* User.swift in Sources */ = {isa = PBXBuildFile; fileRef = D31A55682B85064D00C90A31 /* User.swift */; };
		D325805D2B8385A600F7ECF3 /* AppDelegate.swift in Sources */ = {isa = PBXBuildFile; fileRef = D325805C2B8385A600F7ECF3 /* AppDelegate.swift */; };
		D325805F2B8385A600F7ECF3 /* SceneDelegate.swift in Sources */ = {isa = PBXBuildFile; fileRef = D325805E2B8385A600F7ECF3 /* SceneDelegate.swift */; };
		D32580662B8385A700F7ECF3 /* Assets.xcassets in Resources */ = {isa = PBXBuildFile; fileRef = D32580652B8385A700F7ECF3 /* Assets.xcassets */; };
		D32580692B8385A700F7ECF3 /* LaunchScreen.storyboard in Resources */ = {isa = PBXBuildFile; fileRef = D32580672B8385A700F7ECF3 /* LaunchScreen.storyboard */; };
		D33249B52B83918B0086B17F /* SearchVC.swift in Sources */ = {isa = PBXBuildFile; fileRef = D33249B42B83918B0086B17F /* SearchVC.swift */; };
		D33249B72B83922C0086B17F /* FavouritesListVC.swift in Sources */ = {isa = PBXBuildFile; fileRef = D33249B62B83922C0086B17F /* FavouritesListVC.swift */; };
		D33249C52B839D3D0086B17F /* GFButton.swift in Sources */ = {isa = PBXBuildFile; fileRef = D33249C42B839D3D0086B17F /* GFButton.swift */; };
		D33249C72B839D450086B17F /* GFTextField.swift in Sources */ = {isa = PBXBuildFile; fileRef = D33249C62B839D450086B17F /* GFTextField.swift */; };
		D33249C92B83A97C0086B17F /* FollowerListVC.swift in Sources */ = {isa = PBXBuildFile; fileRef = D33249C82B83A97C0086B17F /* FollowerListVC.swift */; };
		D33280652B8AD18B00448715 /* FavouriteCell.swift in Sources */ = {isa = PBXBuildFile; fileRef = D33280642B8AD18B00448715 /* FavouriteCell.swift */; };
		D338B0BD2B86E6EA00283EB3 /* GFEmptyStateView.swift in Sources */ = {isa = PBXBuildFile; fileRef = D338B0BC2B86E6EA00283EB3 /* GFEmptyStateView.swift */; };
		D34207CD2B87BF2D002BC951 /* GFUserInfoHeaderVC.swift in Sources */ = {isa = PBXBuildFile; fileRef = D34207CC2B87BF2D002BC951 /* GFUserInfoHeaderVC.swift */; };
		D34207CF2B87BF8E002BC951 /* GFSecondaryTitleLabel.swift in Sources */ = {isa = PBXBuildFile; fileRef = D34207CE2B87BF8E002BC951 /* GFSecondaryTitleLabel.swift */; };
		D3425D892B84219500CC64FD /* GFTitleLabel.swift in Sources */ = {isa = PBXBuildFile; fileRef = D3425D882B84219500CC64FD /* GFTitleLabel.swift */; };
		D3425D8B2B8422E400CC64FD /* GFBodyLabel.swift in Sources */ = {isa = PBXBuildFile; fileRef = D3425D8A2B8422E400CC64FD /* GFBodyLabel.swift */; };
		D3425D8D2B84237F00CC64FD /* GFAlertVC.swift in Sources */ = {isa = PBXBuildFile; fileRef = D3425D8C2B84237F00CC64FD /* GFAlertVC.swift */; };
		D3425D8F2B842A1700CC64FD /* UIViewController+Ext.swift in Sources */ = {isa = PBXBuildFile; fileRef = D3425D8E2B842A1700CC64FD /* UIViewController+Ext.swift */; };
		D34ADE282B8BCF360039701F /* GFTabBarController.swift in Sources */ = {isa = PBXBuildFile; fileRef = D34ADE272B8BCF360039701F /* GFTabBarController.swift */; };
		D357458D2B8792D200845F2D /* UserInfoVC.swift in Sources */ = {isa = PBXBuildFile; fileRef = D357458C2B8792D200845F2D /* UserInfoVC.swift */; };
		D36117912B851CF3002DE457 /* NetworkManager.swift in Sources */ = {isa = PBXBuildFile; fileRef = D36117902B851CF3002DE457 /* NetworkManager.swift */; };
		D36117932B8520BF002DE457 /* GFError.swift in Sources */ = {isa = PBXBuildFile; fileRef = D36117922B8520BF002DE457 /* GFError.swift */; };
		D379D5772B881419006ECF9F /* GFItemInfoVC.swift in Sources */ = {isa = PBXBuildFile; fileRef = D379D5762B881419006ECF9F /* GFItemInfoVC.swift */; };
		D379D57A2B881B51006ECF9F /* GFRepoItemVC.swift in Sources */ = {isa = PBXBuildFile; fileRef = D379D5792B881B51006ECF9F /* GFRepoItemVC.swift */; };
		D379D57C2B881D3A006ECF9F /* GFFollowerItemVC.swift in Sources */ = {isa = PBXBuildFile; fileRef = D379D57B2B881D3A006ECF9F /* GFFollowerItemVC.swift */; };
		D379D57E2B88293B006ECF9F /* Date+Ext.swift in Sources */ = {isa = PBXBuildFile; fileRef = D379D57D2B88293B006ECF9F /* Date+Ext.swift */; };
		D379D5802B882950006ECF9F /* String+Ext.swift in Sources */ = {isa = PBXBuildFile; fileRef = D379D57F2B882950006ECF9F /* String+Ext.swift */; };
		D380139C2B85748800AE696D /* UIHelper.swift in Sources */ = {isa = PBXBuildFile; fileRef = D380139B2B85748800AE696D /* UIHelper.swift */; };
		D3AF1A9F2B8A919100BE6F70 /* PersistanceManager.swift in Sources */ = {isa = PBXBuildFile; fileRef = D3AF1A9E2B8A919100BE6F70 /* PersistanceManager.swift */; };
		D3C718772B87F7DB000BA76E /* GFItemInfoView.swift in Sources */ = {isa = PBXBuildFile; fileRef = D3C718762B87F7DB000BA76E /* GFItemInfoView.swift */; };
		D3C7187B2B880483000BA76E /* Constants.swift in Sources */ = {isa = PBXBuildFile; fileRef = D3C7187A2B880483000BA76E /* Constants.swift */; };
		D3D66B692B8543B200B14697 /* FollowerCell.swift in Sources */ = {isa = PBXBuildFile; fileRef = D3D66B682B8543B200B14697 /* FollowerCell.swift */; };
		D3D66B6B2B85443700B14697 /* GFAvatarImageView.swift in Sources */ = {isa = PBXBuildFile; fileRef = D3D66B6A2B85443700B14697 /* GFAvatarImageView.swift */; };
/* End PBXBuildFile section */

/* Begin PBXFileReference section */
		D31A55662B84FBEE00C90A31 /* Follower.swift */ = {isa = PBXFileReference; lastKnownFileType = sourcecode.swift; path = Follower.swift; sourceTree = "<group>"; };
		D31A55682B85064D00C90A31 /* User.swift */ = {isa = PBXFileReference; lastKnownFileType = sourcecode.swift; path = User.swift; sourceTree = "<group>"; };
		D32580592B8385A600F7ECF3 /* GitHubFollowers.app */ = {isa = PBXFileReference; explicitFileType = wrapper.application; includeInIndex = 0; path = GitHubFollowers.app; sourceTree = BUILT_PRODUCTS_DIR; };
		D325805C2B8385A600F7ECF3 /* AppDelegate.swift */ = {isa = PBXFileReference; lastKnownFileType = sourcecode.swift; path = AppDelegate.swift; sourceTree = "<group>"; };
		D325805E2B8385A600F7ECF3 /* SceneDelegate.swift */ = {isa = PBXFileReference; lastKnownFileType = sourcecode.swift; path = SceneDelegate.swift; sourceTree = "<group>"; };
		D32580652B8385A700F7ECF3 /* Assets.xcassets */ = {isa = PBXFileReference; lastKnownFileType = folder.assetcatalog; path = Assets.xcassets; sourceTree = "<group>"; };
		D32580682B8385A700F7ECF3 /* Base */ = {isa = PBXFileReference; lastKnownFileType = file.storyboard; name = Base; path = Base.lproj/LaunchScreen.storyboard; sourceTree = "<group>"; };
		D325806A2B8385A700F7ECF3 /* Info.plist */ = {isa = PBXFileReference; lastKnownFileType = text.plist.xml; path = Info.plist; sourceTree = "<group>"; };
		D33249B42B83918B0086B17F /* SearchVC.swift */ = {isa = PBXFileReference; lastKnownFileType = sourcecode.swift; path = SearchVC.swift; sourceTree = "<group>"; };
		D33249B62B83922C0086B17F /* FavouritesListVC.swift */ = {isa = PBXFileReference; lastKnownFileType = sourcecode.swift; path = FavouritesListVC.swift; sourceTree = "<group>"; };
		D33249C42B839D3D0086B17F /* GFButton.swift */ = {isa = PBXFileReference; lastKnownFileType = sourcecode.swift; path = GFButton.swift; sourceTree = "<group>"; };
		D33249C62B839D450086B17F /* GFTextField.swift */ = {isa = PBXFileReference; lastKnownFileType = sourcecode.swift; path = GFTextField.swift; sourceTree = "<group>"; };
		D33249C82B83A97C0086B17F /* FollowerListVC.swift */ = {isa = PBXFileReference; lastKnownFileType = sourcecode.swift; path = FollowerListVC.swift; sourceTree = "<group>"; };
		D33280642B8AD18B00448715 /* FavouriteCell.swift */ = {isa = PBXFileReference; lastKnownFileType = sourcecode.swift; path = FavouriteCell.swift; sourceTree = "<group>"; };
		D338B0BC2B86E6EA00283EB3 /* GFEmptyStateView.swift */ = {isa = PBXFileReference; lastKnownFileType = sourcecode.swift; path = GFEmptyStateView.swift; sourceTree = "<group>"; };
		D34207CC2B87BF2D002BC951 /* GFUserInfoHeaderVC.swift */ = {isa = PBXFileReference; lastKnownFileType = sourcecode.swift; path = GFUserInfoHeaderVC.swift; sourceTree = "<group>"; };
		D34207CE2B87BF8E002BC951 /* GFSecondaryTitleLabel.swift */ = {isa = PBXFileReference; lastKnownFileType = sourcecode.swift; path = GFSecondaryTitleLabel.swift; sourceTree = "<group>"; };
		D3425D882B84219500CC64FD /* GFTitleLabel.swift */ = {isa = PBXFileReference; lastKnownFileType = sourcecode.swift; path = GFTitleLabel.swift; sourceTree = "<group>"; };
		D3425D8A2B8422E400CC64FD /* GFBodyLabel.swift */ = {isa = PBXFileReference; lastKnownFileType = sourcecode.swift; path = GFBodyLabel.swift; sourceTree = "<group>"; };
		D3425D8C2B84237F00CC64FD /* GFAlertVC.swift */ = {isa = PBXFileReference; lastKnownFileType = sourcecode.swift; path = GFAlertVC.swift; sourceTree = "<group>"; };
		D3425D8E2B842A1700CC64FD /* UIViewController+Ext.swift */ = {isa = PBXFileReference; lastKnownFileType = sourcecode.swift; path = "UIViewController+Ext.swift"; sourceTree = "<group>"; };
		D34ADE272B8BCF360039701F /* GFTabBarController.swift */ = {isa = PBXFileReference; lastKnownFileType = sourcecode.swift; path = GFTabBarController.swift; sourceTree = "<group>"; };
		D357458C2B8792D200845F2D /* UserInfoVC.swift */ = {isa = PBXFileReference; lastKnownFileType = sourcecode.swift; path = UserInfoVC.swift; sourceTree = "<group>"; };
		D36117902B851CF3002DE457 /* NetworkManager.swift */ = {isa = PBXFileReference; fileEncoding = 4; lastKnownFileType = sourcecode.swift; path = NetworkManager.swift; sourceTree = "<group>"; };
		D36117922B8520BF002DE457 /* GFError.swift */ = {isa = PBXFileReference; lastKnownFileType = sourcecode.swift; path = GFError.swift; sourceTree = "<group>"; };
		D379D5762B881419006ECF9F /* GFItemInfoVC.swift */ = {isa = PBXFileReference; lastKnownFileType = sourcecode.swift; path = GFItemInfoVC.swift; sourceTree = "<group>"; };
		D379D5792B881B51006ECF9F /* GFRepoItemVC.swift */ = {isa = PBXFileReference; lastKnownFileType = sourcecode.swift; path = GFRepoItemVC.swift; sourceTree = "<group>"; };
		D379D57B2B881D3A006ECF9F /* GFFollowerItemVC.swift */ = {isa = PBXFileReference; lastKnownFileType = sourcecode.swift; path = GFFollowerItemVC.swift; sourceTree = "<group>"; };
		D379D57D2B88293B006ECF9F /* Date+Ext.swift */ = {isa = PBXFileReference; lastKnownFileType = sourcecode.swift; path = "Date+Ext.swift"; sourceTree = "<group>"; };
		D379D57F2B882950006ECF9F /* String+Ext.swift */ = {isa = PBXFileReference; lastKnownFileType = sourcecode.swift; path = "String+Ext.swift"; sourceTree = "<group>"; };
		D380139B2B85748800AE696D /* UIHelper.swift */ = {isa = PBXFileReference; lastKnownFileType = sourcecode.swift; path = UIHelper.swift; sourceTree = "<group>"; };
		D3AF1A9E2B8A919100BE6F70 /* PersistanceManager.swift */ = {isa = PBXFileReference; lastKnownFileType = sourcecode.swift; path = PersistanceManager.swift; sourceTree = "<group>"; };
		D3C718762B87F7DB000BA76E /* GFItemInfoView.swift */ = {isa = PBXFileReference; lastKnownFileType = sourcecode.swift; path = GFItemInfoView.swift; sourceTree = "<group>"; };
		D3C7187A2B880483000BA76E /* Constants.swift */ = {isa = PBXFileReference; lastKnownFileType = sourcecode.swift; path = Constants.swift; sourceTree = "<group>"; };
		D3D66B682B8543B200B14697 /* FollowerCell.swift */ = {isa = PBXFileReference; lastKnownFileType = sourcecode.swift; path = FollowerCell.swift; sourceTree = "<group>"; };
		D3D66B6A2B85443700B14697 /* GFAvatarImageView.swift */ = {isa = PBXFileReference; lastKnownFileType = sourcecode.swift; path = GFAvatarImageView.swift; sourceTree = "<group>"; };
/* End PBXFileReference section */

/* Begin PBXFrameworksBuildPhase section */
		D32580562B8385A600F7ECF3 /* Frameworks */ = {
			isa = PBXFrameworksBuildPhase;
			buildActionMask = 2147483647;
			files = (
			);
			runOnlyForDeploymentPostprocessing = 0;
		};
/* End PBXFrameworksBuildPhase section */

/* Begin PBXGroup section */
		D31A55652B84FBCC00C90A31 /* Model */ = {
			isa = PBXGroup;
			children = (
				D31A55662B84FBEE00C90A31 /* Follower.swift */,
				D31A55682B85064D00C90A31 /* User.swift */,
			);
			path = Model;
			sourceTree = "<group>";
		};
		D32580502B8385A600F7ECF3 = {
			isa = PBXGroup;
			children = (
				D325805B2B8385A600F7ECF3 /* GitHubFollowers */,
				D325805A2B8385A600F7ECF3 /* Products */,
			);
			sourceTree = "<group>";
		};
		D325805A2B8385A600F7ECF3 /* Products */ = {
			isa = PBXGroup;
			children = (
				D32580592B8385A600F7ECF3 /* GitHubFollowers.app */,
			);
			name = Products;
			sourceTree = "<group>";
		};
		D325805B2B8385A600F7ECF3 /* GitHubFollowers */ = {
			isa = PBXGroup;
			children = (
				D3425D902B842EB100CC64FD /* Screens */,
				D3425D912B842EE100CC64FD /* Views */,
				D361178F2B851CF3002DE457 /* Managers */,
				D31A55652B84FBCC00C90A31 /* Model */,
				D3425D922B842F1700CC64FD /* Utils */,
				D3425D932B842F5600CC64FD /* Support */,
				D325806A2B8385A700F7ECF3 /* Info.plist */,
			);
			path = GitHubFollowers;
			sourceTree = "<group>";
		};
		D338B0BB2B86E6A200283EB3 /* Components */ = {
			isa = PBXGroup;
			children = (
				D3D66B672B85436200B14697 /* Labels */,
				D33249C42B839D3D0086B17F /* GFButton.swift */,
				D3D66B6A2B85443700B14697 /* GFAvatarImageView.swift */,
				D33249C62B839D450086B17F /* GFTextField.swift */,
			);
			path = Components;
			sourceTree = "<group>";
		};
		D34207CB2B87BF0B002BC951 /* ViewControllers */ = {
			isa = PBXGroup;
			children = (
				D379D5782B881B31006ECF9F /* UserInfo */,
				D3425D8C2B84237F00CC64FD /* GFAlertVC.swift */,
				D34ADE272B8BCF360039701F /* GFTabBarController.swift */,
			);
			path = ViewControllers;
			sourceTree = "<group>";
		};
		D3425D902B842EB100CC64FD /* Screens */ = {
			isa = PBXGroup;
			children = (
				D33249B42B83918B0086B17F /* SearchVC.swift */,
				D33249B62B83922C0086B17F /* FavouritesListVC.swift */,
				D33249C82B83A97C0086B17F /* FollowerListVC.swift */,
				D357458C2B8792D200845F2D /* UserInfoVC.swift */,
			);
			path = Screens;
			sourceTree = "<group>";
		};
		D3425D912B842EE100CC64FD /* Views */ = {
			isa = PBXGroup;
			children = (
				D34207CB2B87BF0B002BC951 /* ViewControllers */,
				D338B0BB2B86E6A200283EB3 /* Components */,
				D3D66B662B85435D00B14697 /* Cells */,
				D338B0BC2B86E6EA00283EB3 /* GFEmptyStateView.swift */,
				D3C718762B87F7DB000BA76E /* GFItemInfoView.swift */,
			);
			path = Views;
			sourceTree = "<group>";
		};
		D3425D922B842F1700CC64FD /* Utils */ = {
			isa = PBXGroup;
			children = (
				D3425D8E2B842A1700CC64FD /* UIViewController+Ext.swift */,
				D379D57D2B88293B006ECF9F /* Date+Ext.swift */,
				D379D57F2B882950006ECF9F /* String+Ext.swift */,
				D380139B2B85748800AE696D /* UIHelper.swift */,
				D36117922B8520BF002DE457 /* GFError.swift */,
				D3C7187A2B880483000BA76E /* Constants.swift */,
			);
			path = Utils;
			sourceTree = "<group>";
		};
		D3425D932B842F5600CC64FD /* Support */ = {
			isa = PBXGroup;
			children = (
				D325805C2B8385A600F7ECF3 /* AppDelegate.swift */,
				D325805E2B8385A600F7ECF3 /* SceneDelegate.swift */,
				D32580652B8385A700F7ECF3 /* Assets.xcassets */,
				D32580672B8385A700F7ECF3 /* LaunchScreen.storyboard */,
			);
			path = Support;
			sourceTree = "<group>";
		};
		D361178F2B851CF3002DE457 /* Managers */ = {
			isa = PBXGroup;
			children = (
				D36117902B851CF3002DE457 /* NetworkManager.swift */,
				D3AF1A9E2B8A919100BE6F70 /* PersistanceManager.swift */,
			);
			path = Managers;
			sourceTree = "<group>";
		};
		D379D5782B881B31006ECF9F /* UserInfo */ = {
			isa = PBXGroup;
			children = (
				D34207CC2B87BF2D002BC951 /* GFUserInfoHeaderVC.swift */,
				D379D5762B881419006ECF9F /* GFItemInfoVC.swift */,
				D379D5792B881B51006ECF9F /* GFRepoItemVC.swift */,
				D379D57B2B881D3A006ECF9F /* GFFollowerItemVC.swift */,
			);
			path = UserInfo;
			sourceTree = "<group>";
		};
		D3D66B662B85435D00B14697 /* Cells */ = {
			isa = PBXGroup;
			children = (
				D3D66B682B8543B200B14697 /* FollowerCell.swift */,
				D33280642B8AD18B00448715 /* FavouriteCell.swift */,
			);
			path = Cells;
			sourceTree = "<group>";
		};
		D3D66B672B85436200B14697 /* Labels */ = {
			isa = PBXGroup;
			children = (
				D3425D882B84219500CC64FD /* GFTitleLabel.swift */,
				D34207CE2B87BF8E002BC951 /* GFSecondaryTitleLabel.swift */,
				D3425D8A2B8422E400CC64FD /* GFBodyLabel.swift */,
			);
			path = Labels;
			sourceTree = "<group>";
		};
/* End PBXGroup section */

/* Begin PBXNativeTarget section */
		D32580582B8385A600F7ECF3 /* GitHubFollowers */ = {
			isa = PBXNativeTarget;
			buildConfigurationList = D325806D2B8385A700F7ECF3 /* Build configuration list for PBXNativeTarget "GitHubFollowers" */;
			buildPhases = (
				D32580552B8385A600F7ECF3 /* Sources */,
				D32580562B8385A600F7ECF3 /* Frameworks */,
				D32580572B8385A600F7ECF3 /* Resources */,
			);
			buildRules = (
			);
			dependencies = (
			);
			name = GitHubFollowers;
			productName = GitHubFollowers;
			productReference = D32580592B8385A600F7ECF3 /* GitHubFollowers.app */;
			productType = "com.apple.product-type.application";
		};
/* End PBXNativeTarget section */

/* Begin PBXProject section */
		D32580512B8385A600F7ECF3 /* Project object */ = {
			isa = PBXProject;
			attributes = {
				BuildIndependentTargetsInParallel = 1;
				LastSwiftUpdateCheck = 1520;
				LastUpgradeCheck = 1520;
				TargetAttributes = {
					D32580582B8385A600F7ECF3 = {
						CreatedOnToolsVersion = 15.2;
					};
				};
			};
			buildConfigurationList = D32580542B8385A600F7ECF3 /* Build configuration list for PBXProject "GitHubFollowers" */;
			compatibilityVersion = "Xcode 14.0";
			developmentRegion = en;
			hasScannedForEncodings = 0;
			knownRegions = (
				en,
				Base,
			);
			mainGroup = D32580502B8385A600F7ECF3;
			productRefGroup = D325805A2B8385A600F7ECF3 /* Products */;
			projectDirPath = "";
			projectRoot = "";
			targets = (
				D32580582B8385A600F7ECF3 /* GitHubFollowers */,
			);
		};
/* End PBXProject section */

/* Begin PBXResourcesBuildPhase section */
		D32580572B8385A600F7ECF3 /* Resources */ = {
			isa = PBXResourcesBuildPhase;
			buildActionMask = 2147483647;
			files = (
				D32580692B8385A700F7ECF3 /* LaunchScreen.storyboard in Resources */,
				D32580662B8385A700F7ECF3 /* Assets.xcassets in Resources */,
			);
			runOnlyForDeploymentPostprocessing = 0;
		};
/* End PBXResourcesBuildPhase section */

/* Begin PBXSourcesBuildPhase section */
		D32580552B8385A600F7ECF3 /* Sources */ = {
			isa = PBXSourcesBuildPhase;
			buildActionMask = 2147483647;
			files = (
				D33280652B8AD18B00448715 /* FavouriteCell.swift in Sources */,
				D31A55692B85064D00C90A31 /* User.swift in Sources */,
				D33249C72B839D450086B17F /* GFTextField.swift in Sources */,
				D3C718772B87F7DB000BA76E /* GFItemInfoView.swift in Sources */,
				D379D5802B882950006ECF9F /* String+Ext.swift in Sources */,
				D33249B52B83918B0086B17F /* SearchVC.swift in Sources */,
				D33249C52B839D3D0086B17F /* GFButton.swift in Sources */,
				D3425D8F2B842A1700CC64FD /* UIViewController+Ext.swift in Sources */,
				D379D5772B881419006ECF9F /* GFItemInfoVC.swift in Sources */,
				D380139C2B85748800AE696D /* UIHelper.swift in Sources */,
				D3D66B6B2B85443700B14697 /* GFAvatarImageView.swift in Sources */,
				D325805D2B8385A600F7ECF3 /* AppDelegate.swift in Sources */,
				D3425D8D2B84237F00CC64FD /* GFAlertVC.swift in Sources */,
				D379D57C2B881D3A006ECF9F /* GFFollowerItemVC.swift in Sources */,
				D3D66B692B8543B200B14697 /* FollowerCell.swift in Sources */,
				D36117932B8520BF002DE457 /* GFError.swift in Sources */,
				D34ADE282B8BCF360039701F /* GFTabBarController.swift in Sources */,
				D3AF1A9F2B8A919100BE6F70 /* PersistanceManager.swift in Sources */,
				D34207CD2B87BF2D002BC951 /* GFUserInfoHeaderVC.swift in Sources */,
				D3425D8B2B8422E400CC64FD /* GFBodyLabel.swift in Sources */,
				D31A55672B84FBEE00C90A31 /* Follower.swift in Sources */,
				D3425D892B84219500CC64FD /* GFTitleLabel.swift in Sources */,
				D34207CF2B87BF8E002BC951 /* GFSecondaryTitleLabel.swift in Sources */,
				D379D57E2B88293B006ECF9F /* Date+Ext.swift in Sources */,
				D338B0BD2B86E6EA00283EB3 /* GFEmptyStateView.swift in Sources */,
				D36117912B851CF3002DE457 /* NetworkManager.swift in Sources */,
				D33249C92B83A97C0086B17F /* FollowerListVC.swift in Sources */,
				D33249B72B83922C0086B17F /* FavouritesListVC.swift in Sources */,
				D325805F2B8385A600F7ECF3 /* SceneDelegate.swift in Sources */,
				D357458D2B8792D200845F2D /* UserInfoVC.swift in Sources */,
				D379D57A2B881B51006ECF9F /* GFRepoItemVC.swift in Sources */,
				D3C7187B2B880483000BA76E /* Constants.swift in Sources */,
			);
			runOnlyForDeploymentPostprocessing = 0;
		};
/* End PBXSourcesBuildPhase section */

/* Begin PBXVariantGroup section */
		D32580672B8385A700F7ECF3 /* LaunchScreen.storyboard */ = {
			isa = PBXVariantGroup;
			children = (
				D32580682B8385A700F7ECF3 /* Base */,
			);
			name = LaunchScreen.storyboard;
			sourceTree = "<group>";
		};
/* End PBXVariantGroup section */

/* Begin XCBuildConfiguration section */
		D325806B2B8385A700F7ECF3 /* Debug */ = {
			isa = XCBuildConfiguration;
			buildSettings = {
				ALWAYS_SEARCH_USER_PATHS = NO;
				ASSETCATALOG_COMPILER_GENERATE_SWIFT_ASSET_SYMBOL_EXTENSIONS = YES;
				CLANG_ANALYZER_NONNULL = YES;
				CLANG_ANALYZER_NUMBER_OBJECT_CONVERSION = YES_AGGRESSIVE;
				CLANG_CXX_LANGUAGE_STANDARD = "gnu++20";
				CLANG_ENABLE_MODULES = YES;
				CLANG_ENABLE_OBJC_ARC = YES;
				CLANG_ENABLE_OBJC_WEAK = YES;
				CLANG_WARN_BLOCK_CAPTURE_AUTORELEASING = YES;
				CLANG_WARN_BOOL_CONVERSION = YES;
				CLANG_WARN_COMMA = YES;
				CLANG_WARN_CONSTANT_CONVERSION = YES;
				CLANG_WARN_DEPRECATED_OBJC_IMPLEMENTATIONS = YES;
				CLANG_WARN_DIRECT_OBJC_ISA_USAGE = YES_ERROR;
				CLANG_WARN_DOCUMENTATION_COMMENTS = YES;
				CLANG_WARN_EMPTY_BODY = YES;
				CLANG_WARN_ENUM_CONVERSION = YES;
				CLANG_WARN_INFINITE_RECURSION = YES;
				CLANG_WARN_INT_CONVERSION = YES;
				CLANG_WARN_NON_LITERAL_NULL_CONVERSION = YES;
				CLANG_WARN_OBJC_IMPLICIT_RETAIN_SELF = YES;
				CLANG_WARN_OBJC_LITERAL_CONVERSION = YES;
				CLANG_WARN_OBJC_ROOT_CLASS = YES_ERROR;
				CLANG_WARN_QUOTED_INCLUDE_IN_FRAMEWORK_HEADER = YES;
				CLANG_WARN_RANGE_LOOP_ANALYSIS = YES;
				CLANG_WARN_STRICT_PROTOTYPES = YES;
				CLANG_WARN_SUSPICIOUS_MOVE = YES;
				CLANG_WARN_UNGUARDED_AVAILABILITY = YES_AGGRESSIVE;
				CLANG_WARN_UNREACHABLE_CODE = YES;
				CLANG_WARN__DUPLICATE_METHOD_MATCH = YES;
				COPY_PHASE_STRIP = NO;
				DEBUG_INFORMATION_FORMAT = dwarf;
				ENABLE_STRICT_OBJC_MSGSEND = YES;
				ENABLE_TESTABILITY = YES;
				ENABLE_USER_SCRIPT_SANDBOXING = YES;
				GCC_C_LANGUAGE_STANDARD = gnu17;
				GCC_DYNAMIC_NO_PIC = NO;
				GCC_NO_COMMON_BLOCKS = YES;
				GCC_OPTIMIZATION_LEVEL = 0;
				GCC_PREPROCESSOR_DEFINITIONS = (
					"DEBUG=1",
					"$(inherited)",
				);
				GCC_WARN_64_TO_32_BIT_CONVERSION = YES;
				GCC_WARN_ABOUT_RETURN_TYPE = YES_ERROR;
				GCC_WARN_UNDECLARED_SELECTOR = YES;
				GCC_WARN_UNINITIALIZED_AUTOS = YES_AGGRESSIVE;
				GCC_WARN_UNUSED_FUNCTION = YES;
				GCC_WARN_UNUSED_VARIABLE = YES;
				IPHONEOS_DEPLOYMENT_TARGET = 17.2;
				LOCALIZATION_PREFERS_STRING_CATALOGS = YES;
				MTL_ENABLE_DEBUG_INFO = INCLUDE_SOURCE;
				MTL_FAST_MATH = YES;
				ONLY_ACTIVE_ARCH = YES;
				SDKROOT = iphoneos;
				SWIFT_ACTIVE_COMPILATION_CONDITIONS = "DEBUG $(inherited)";
				SWIFT_OPTIMIZATION_LEVEL = "-Onone";
			};
			name = Debug;
		};
		D325806C2B8385A700F7ECF3 /* Release */ = {
			isa = XCBuildConfiguration;
			buildSettings = {
				ALWAYS_SEARCH_USER_PATHS = NO;
				ASSETCATALOG_COMPILER_GENERATE_SWIFT_ASSET_SYMBOL_EXTENSIONS = YES;
				CLANG_ANALYZER_NONNULL = YES;
				CLANG_ANALYZER_NUMBER_OBJECT_CONVERSION = YES_AGGRESSIVE;
				CLANG_CXX_LANGUAGE_STANDARD = "gnu++20";
				CLANG_ENABLE_MODULES = YES;
				CLANG_ENABLE_OBJC_ARC = YES;
				CLANG_ENABLE_OBJC_WEAK = YES;
				CLANG_WARN_BLOCK_CAPTURE_AUTORELEASING = YES;
				CLANG_WARN_BOOL_CONVERSION = YES;
				CLANG_WARN_COMMA = YES;
				CLANG_WARN_CONSTANT_CONVERSION = YES;
				CLANG_WARN_DEPRECATED_OBJC_IMPLEMENTATIONS = YES;
				CLANG_WARN_DIRECT_OBJC_ISA_USAGE = YES_ERROR;
				CLANG_WARN_DOCUMENTATION_COMMENTS = YES;
				CLANG_WARN_EMPTY_BODY = YES;
				CLANG_WARN_ENUM_CONVERSION = YES;
				CLANG_WARN_INFINITE_RECURSION = YES;
				CLANG_WARN_INT_CONVERSION = YES;
				CLANG_WARN_NON_LITERAL_NULL_CONVERSION = YES;
				CLANG_WARN_OBJC_IMPLICIT_RETAIN_SELF = YES;
				CLANG_WARN_OBJC_LITERAL_CONVERSION = YES;
				CLANG_WARN_OBJC_ROOT_CLASS = YES_ERROR;
				CLANG_WARN_QUOTED_INCLUDE_IN_FRAMEWORK_HEADER = YES;
				CLANG_WARN_RANGE_LOOP_ANALYSIS = YES;
				CLANG_WARN_STRICT_PROTOTYPES = YES;
				CLANG_WARN_SUSPICIOUS_MOVE = YES;
				CLANG_WARN_UNGUARDED_AVAILABILITY = YES_AGGRESSIVE;
				CLANG_WARN_UNREACHABLE_CODE = YES;
				CLANG_WARN__DUPLICATE_METHOD_MATCH = YES;
				COPY_PHASE_STRIP = NO;
				DEBUG_INFORMATION_FORMAT = "dwarf-with-dsym";
				ENABLE_NS_ASSERTIONS = NO;
				ENABLE_STRICT_OBJC_MSGSEND = YES;
				ENABLE_USER_SCRIPT_SANDBOXING = YES;
				GCC_C_LANGUAGE_STANDARD = gnu17;
				GCC_NO_COMMON_BLOCKS = YES;
				GCC_WARN_64_TO_32_BIT_CONVERSION = YES;
				GCC_WARN_ABOUT_RETURN_TYPE = YES_ERROR;
				GCC_WARN_UNDECLARED_SELECTOR = YES;
				GCC_WARN_UNINITIALIZED_AUTOS = YES_AGGRESSIVE;
				GCC_WARN_UNUSED_FUNCTION = YES;
				GCC_WARN_UNUSED_VARIABLE = YES;
				IPHONEOS_DEPLOYMENT_TARGET = 17.2;
				LOCALIZATION_PREFERS_STRING_CATALOGS = YES;
				MTL_ENABLE_DEBUG_INFO = NO;
				MTL_FAST_MATH = YES;
				SDKROOT = iphoneos;
				SWIFT_COMPILATION_MODE = wholemodule;
				VALIDATE_PRODUCT = YES;
			};
			name = Release;
		};
		D325806E2B8385A700F7ECF3 /* Debug */ = {
			isa = XCBuildConfiguration;
			buildSettings = {
				ASSETCATALOG_COMPILER_APPICON_NAME = AppIcon;
				ASSETCATALOG_COMPILER_GLOBAL_ACCENT_COLOR_NAME = AccentColor;
				CODE_SIGN_STYLE = Automatic;
				CURRENT_PROJECT_VERSION = 1;
				GENERATE_INFOPLIST_FILE = YES;
				INFOPLIST_FILE = GitHubFollowers/Info.plist;
				INFOPLIST_KEY_UIApplicationSupportsIndirectInputEvents = YES;
				INFOPLIST_KEY_UILaunchStoryboardName = LaunchScreen;
				INFOPLIST_KEY_UISupportedInterfaceOrientations_iPad = "UIInterfaceOrientationPortrait UIInterfaceOrientationPortraitUpsideDown UIInterfaceOrientationLandscapeLeft UIInterfaceOrientationLandscapeRight";
				INFOPLIST_KEY_UISupportedInterfaceOrientations_iPhone = "UIInterfaceOrientationPortrait UIInterfaceOrientationLandscapeLeft UIInterfaceOrientationLandscapeRight";
				LD_RUNPATH_SEARCH_PATHS = (
					"$(inherited)",
					"@executable_path/Frameworks",
				);
				MARKETING_VERSION = 1.0;
				PRODUCT_BUNDLE_IDENTIFIER = com.yash.GitHubFollowers;
				PRODUCT_NAME = "$(TARGET_NAME)";
				SWIFT_EMIT_LOC_STRINGS = YES;
				SWIFT_VERSION = 5.0;
				TARGETED_DEVICE_FAMILY = "1,2";
			};
			name = Debug;
		};
		D325806F2B8385A700F7ECF3 /* Release */ = {
			isa = XCBuildConfiguration;
			buildSettings = {
				ASSETCATALOG_COMPILER_APPICON_NAME = AppIcon;
				ASSETCATALOG_COMPILER_GLOBAL_ACCENT_COLOR_NAME = AccentColor;
				CODE_SIGN_STYLE = Automatic;
				CURRENT_PROJECT_VERSION = 1;
				GENERATE_INFOPLIST_FILE = YES;
				INFOPLIST_FILE = GitHubFollowers/Info.plist;
				INFOPLIST_KEY_UIApplicationSupportsIndirectInputEvents = YES;
				INFOPLIST_KEY_UILaunchStoryboardName = LaunchScreen;
				INFOPLIST_KEY_UISupportedInterfaceOrientations_iPad = "UIInterfaceOrientationPortrait UIInterfaceOrientationPortraitUpsideDown UIInterfaceOrientationLandscapeLeft UIInterfaceOrientationLandscapeRight";
				INFOPLIST_KEY_UISupportedInterfaceOrientations_iPhone = "UIInterfaceOrientationPortrait UIInterfaceOrientationLandscapeLeft UIInterfaceOrientationLandscapeRight";
				LD_RUNPATH_SEARCH_PATHS = (
					"$(inherited)",
					"@executable_path/Frameworks",
				);
				MARKETING_VERSION = 1.0;
				PRODUCT_BUNDLE_IDENTIFIER = com.yash.GitHubFollowers;
				PRODUCT_NAME = "$(TARGET_NAME)";
				SWIFT_EMIT_LOC_STRINGS = YES;
				SWIFT_VERSION = 5.0;
				TARGETED_DEVICE_FAMILY = "1,2";
			};
			name = Release;
		};
/* End XCBuildConfiguration section */

/* Begin XCConfigurationList section */
		D32580542B8385A600F7ECF3 /* Build configuration list for PBXProject "GitHubFollowers" */ = {
			isa = XCConfigurationList;
			buildConfigurations = (
				D325806B2B8385A700F7ECF3 /* Debug */,
				D325806C2B8385A700F7ECF3 /* Release */,
			);
			defaultConfigurationIsVisible = 0;
			defaultConfigurationName = Release;
		};
		D325806D2B8385A700F7ECF3 /* Build configuration list for PBXNativeTarget "GitHubFollowers" */ = {
			isa = XCConfigurationList;
			buildConfigurations = (
				D325806E2B8385A700F7ECF3 /* Debug */,
				D325806F2B8385A700F7ECF3 /* Release */,
			);
			defaultConfigurationIsVisible = 0;
			defaultConfigurationName = Release;
		};
/* End XCConfigurationList section */
	};
	rootObject = D32580512B8385A600F7ECF3 /* Project object */;
}
